
Microsoft Visual Studio Solution File, Format Version 12.00
# Visual Studio 15
VisualStudioVersion = 15.0.28307.329
MinimumVisualStudioVersion = 10.0.40219.1
Project("{FAE04EC0-301F-11D3-BF4B-00C04F79EFBC}") = "Far manager", "Far manager\Far manager.csproj", "{7EE12C91-D2B0-404A-B989-D8862E303126}"
EndProject
Global
	GlobalSection(SolutionConfigurationPlatforms) = preSolution
		Debug|Any CPU = Debug|Any CPU
		Release|Any CPU = Release|Any CPU
	EndGlobalSection
	GlobalSection(ProjectConfigurationPlatforms) = postSolution
		{7EE12C91-D2B0-404A-B989-D8862E303126}.Debug|Any CPU.ActiveCfg = Debug|Any CPU
		{7EE12C91-D2B0-404A-B989-D8862E303126}.Debug|Any CPU.Build.0 = Debug|Any CPU
		{7EE12C91-D2B0-404A-B989-D8862E303126}.Release|Any CPU.ActiveCfg = Release|Any CPU
		{7EE12C91-D2B0-404A-B989-D8862E303126}.Release|Any CPU.Build.0 = Release|Any CPU
	EndGlobalSection
	GlobalSection(SolutionProperties) = preSolution
		HideSolutionNode = FALSE
	EndGlobalSection
	GlobalSection(ExtensibilityGlobals) = postSolution
		SolutionGuid = {612978AE-7167-4891-908B-EB31CED78350}
	EndGlobalSection
EndGlobal
