
Microsoft Visual Studio Solution File, Format Version 12.00
# Visual Studio 15
VisualStudioVersion = 15.0.28307.329
MinimumVisualStudioVersion = 10.0.40219.1
Project("{FAE04EC0-301F-11D3-BF4B-00C04F79EFBC}") = "TASK4", "TASK4\TASK4.csproj", "{D893FD0E-5AEB-4F6E-9C4F-76E3E7268064}"
EndProject
Global
	GlobalSection(SolutionConfigurationPlatforms) = preSolution
		Debug|Any CPU = Debug|Any CPU
		Release|Any CPU = Release|Any CPU
	EndGlobalSection
	GlobalSection(ProjectConfigurationPlatforms) = postSolution
		{D893FD0E-5AEB-4F6E-9C4F-76E3E7268064}.Debug|Any CPU.ActiveCfg = Debug|Any CPU
		{D893FD0E-5AEB-4F6E-9C4F-76E3E7268064}.Debug|Any CPU.Build.0 = Debug|Any CPU
		{D893FD0E-5AEB-4F6E-9C4F-76E3E7268064}.Release|Any CPU.ActiveCfg = Release|Any CPU
		{D893FD0E-5AEB-4F6E-9C4F-76E3E7268064}.Release|Any CPU.Build.0 = Release|Any CPU
	EndGlobalSection
	GlobalSection(SolutionProperties) = preSolution
		HideSolutionNode = FALSE
	EndGlobalSection
	GlobalSection(ExtensibilityGlobals) = postSolution
		SolutionGuid = {9862FA54-B879-4F3F-80E4-94177037BB9A}
	EndGlobalSection
EndGlobal
